
Microsoft Visual Studio Solution File, Format Version 12.00
# Visual Studio Version 17
VisualStudioVersion = 17.8.34330.188
MinimumVisualStudioVersion = 10.0.40219.1
Project("{FAE04EC0-301F-11D3-BF4B-00C04F79EFBC}") = "AlisonSilvaPoetaIdentityUser", "AlisonSilvaPoetaIdentityUser.csproj", "{0AC2125A-F7D4-43AC-82E7-AEB015D14187}"
EndProject
Global
	GlobalSection(SolutionConfigurationPlatforms) = preSolution
		Debug|Any CPU = Debug|Any CPU
		Release|Any CPU = Release|Any CPU
	EndGlobalSection
	GlobalSection(ProjectConfigurationPlatforms) = postSolution
		{0AC2125A-F7D4-43AC-82E7-AEB015D14187}.Debug|Any CPU.ActiveCfg = Debug|Any CPU
		{0AC2125A-F7D4-43AC-82E7-AEB015D14187}.Debug|Any CPU.Build.0 = Debug|Any CPU
		{0AC2125A-F7D4-43AC-82E7-AEB015D14187}.Release|Any CPU.ActiveCfg = Release|Any CPU
		{0AC2125A-F7D4-43AC-82E7-AEB015D14187}.Release|Any CPU.Build.0 = Release|Any CPU
	EndGlobalSection
	GlobalSection(SolutionProperties) = preSolution
		HideSolutionNode = FALSE
	EndGlobalSection
	GlobalSection(ExtensibilityGlobals) = postSolution
		SolutionGuid = {D1CE75FD-DCE6-4449-A0CB-7C5A8EDD00E6}
	EndGlobalSection
EndGlobal
