
Microsoft Visual Studio Solution File, Format Version 12.00
# Visual Studio Version 17
VisualStudioVersion = 17.8.34330.188
MinimumVisualStudioVersion = 10.0.40219.1
Project("{9A19103F-16F7-4668-BE54-9A1E7A4F7556}") = "AlisonSilvaIdentityUser", "AlisonSilvaIdentityUser.csproj", "{87007D78-5456-4E68-8A4D-1283D74AB6CB}"
EndProject
Global
	GlobalSection(SolutionConfigurationPlatforms) = preSolution
		Debug|Any CPU = Debug|Any CPU
		Release|Any CPU = Release|Any CPU
	EndGlobalSection
	GlobalSection(ProjectConfigurationPlatforms) = postSolution
		{87007D78-5456-4E68-8A4D-1283D74AB6CB}.Debug|Any CPU.ActiveCfg = Debug|Any CPU
		{87007D78-5456-4E68-8A4D-1283D74AB6CB}.Debug|Any CPU.Build.0 = Debug|Any CPU
		{87007D78-5456-4E68-8A4D-1283D74AB6CB}.Release|Any CPU.ActiveCfg = Release|Any CPU
		{87007D78-5456-4E68-8A4D-1283D74AB6CB}.Release|Any CPU.Build.0 = Release|Any CPU
	EndGlobalSection
	GlobalSection(SolutionProperties) = preSolution
		HideSolutionNode = FALSE
	EndGlobalSection
	GlobalSection(ExtensibilityGlobals) = postSolution
		SolutionGuid = {5BCD5A18-71F6-4D69-A0A3-610581FE12B3}
	EndGlobalSection
EndGlobal
