
Microsoft Visual Studio Solution File, Format Version 12.00
# Visual Studio Version 17
VisualStudioVersion = 17.8.34330.188
MinimumVisualStudioVersion = 10.0.40219.1
Project("{9A19103F-16F7-4668-BE54-9A1E7A4F7556}") = "AlisonSilvaPoeta", "AlisonSilvaPoeta.csproj", "{80B59CAC-BB3E-475C-BAD6-7ED149C0B481}"
EndProject
Project("{9A19103F-16F7-4668-BE54-9A1E7A4F7556}") = "AlisonSilvaPoetaTest", "..\AlisonSilvaPoetaTest\AlisonSilvaPoetaTest.csproj", "{CA5F5E1D-D500-4B25-98C4-34234E887E13}"
EndProject
Project("{9A19103F-16F7-4668-BE54-9A1E7A4F7556}") = "AlisonSilvaUnitTest", "..\AlisonSilvaUnitTest\AlisonSilvaUnitTest.csproj", "{0F49BD0D-3362-4C18-B102-24BDBA6A7662}"
EndProject
Global
	GlobalSection(SolutionConfigurationPlatforms) = preSolution
		Debug|Any CPU = Debug|Any CPU
		Release|Any CPU = Release|Any CPU
	EndGlobalSection
	GlobalSection(ProjectConfigurationPlatforms) = postSolution
		{80B59CAC-BB3E-475C-BAD6-7ED149C0B481}.Debug|Any CPU.ActiveCfg = Debug|Any CPU
		{80B59CAC-BB3E-475C-BAD6-7ED149C0B481}.Debug|Any CPU.Build.0 = Debug|Any CPU
		{80B59CAC-BB3E-475C-BAD6-7ED149C0B481}.Release|Any CPU.ActiveCfg = Release|Any CPU
		{80B59CAC-BB3E-475C-BAD6-7ED149C0B481}.Release|Any CPU.Build.0 = Release|Any CPU
		{CA5F5E1D-D500-4B25-98C4-34234E887E13}.Debug|Any CPU.ActiveCfg = Debug|Any CPU
		{CA5F5E1D-D500-4B25-98C4-34234E887E13}.Debug|Any CPU.Build.0 = Debug|Any CPU
		{CA5F5E1D-D500-4B25-98C4-34234E887E13}.Release|Any CPU.ActiveCfg = Release|Any CPU
		{CA5F5E1D-D500-4B25-98C4-34234E887E13}.Release|Any CPU.Build.0 = Release|Any CPU
		{0F49BD0D-3362-4C18-B102-24BDBA6A7662}.Debug|Any CPU.ActiveCfg = Debug|Any CPU
		{0F49BD0D-3362-4C18-B102-24BDBA6A7662}.Debug|Any CPU.Build.0 = Debug|Any CPU
		{0F49BD0D-3362-4C18-B102-24BDBA6A7662}.Release|Any CPU.ActiveCfg = Release|Any CPU
		{0F49BD0D-3362-4C18-B102-24BDBA6A7662}.Release|Any CPU.Build.0 = Release|Any CPU
	EndGlobalSection
	GlobalSection(SolutionProperties) = preSolution
		HideSolutionNode = FALSE
	EndGlobalSection
	GlobalSection(ExtensibilityGlobals) = postSolution
		SolutionGuid = {55E8AA67-C28B-422B-93E7-92920D7A2993}
	EndGlobalSection
EndGlobal
